PODS:
  - AssociatedValues (3.0.0)
  - Table (0.0.1):
    - AssociatedValues (~> 3.0.0)

DEPENDENCIES:
  - AssociatedValues (~> 3.0.0)
  - Table (from `Table.podspec`)

EXTERNAL SOURCES:
  Table:
    :path: Table.podspec

SPEC CHECKSUMS:
  AssociatedValues: 5c29f5c0bb2672cf9ef0394bcbe3ce28b9fa0c2a
  Table: 6c6db9faa3ebb29f663b329f579f473c2493983b

PODFILE CHECKSUM: 9a95b1e6e50fd2d437e74fd25aa1315c70638635

COCOAPODS: 1.1.1
